// !$*UTF8*$!
{
	archiveVersion = 1;
	classes = {
	};
	objectVersion = 50;
	objects = {

/* Begin PBXBuildFile section */
		5F1D6F8025B4FC1F00B68A83 /* StatesManager.swift in Sources */ = {isa = PBXBuildFile; fileRef = 5F1D6F7F25B4FC1F00B68A83 /* StatesManager.swift */; };
		5F3410F7258C05510049E7D3 /* ComprasTableViewController.swift in Sources */ = {isa = PBXBuildFile; fileRef = 5F3410F6258C05510049E7D3 /* ComprasTableViewController.swift */; };
		5F3410F9258C11670049E7D3 /* MockedProduct.swift in Sources */ = {isa = PBXBuildFile; fileRef = 5F3410F8258C11670049E7D3 /* MockedProduct.swift */; };
		5F341109258C13A60049E7D3 /* ComprasTableViewControllerTests.swift in Sources */ = {isa = PBXBuildFile; fileRef = 5F341108258C13A60049E7D3 /* ComprasTableViewControllerTests.swift */; };
		5F34110B258C2F580049E7D3 /* ProdutoViewController.swift in Sources */ = {isa = PBXBuildFile; fileRef = 5F34110A258C2F580049E7D3 /* ProdutoViewController.swift */; };
		5F341112258C306A0049E7D3 /* ProdutoViewControllerTests.swift in Sources */ = {isa = PBXBuildFile; fileRef = 5F341111258C306A0049E7D3 /* ProdutoViewControllerTests.swift */; };
		5F341114258D08FA0049E7D3 /* MockedStateOfUSA.swift in Sources */ = {isa = PBXBuildFile; fileRef = 5F341113258D08FA0049E7D3 /* MockedStateOfUSA.swift */; };
		5F427BAE258D5F45007DB593 /* UIViewController+CoreData.swift in Sources */ = {isa = PBXBuildFile; fileRef = 5F427BAD258D5F45007DB593 /* UIViewController+CoreData.swift */; };
		5F427BB1258D66C1007DB593 /* StateOfUSA.swift in Sources */ = {isa = PBXBuildFile; fileRef = 5F427BB0258D66C1007DB593 /* StateOfUSA.swift */; };
		5F427BB4258E4040007DB593 /* ProductTableViewCell.swift in Sources */ = {isa = PBXBuildFile; fileRef = 5F427BB3258E4040007DB593 /* ProductTableViewCell.swift */; };
		5F427BB6258F83AE007DB593 /* State+Extension.swift in Sources */ = {isa = PBXBuildFile; fileRef = 5F427BB5258F83AE007DB593 /* State+Extension.swift */; };
		5F427BB8258F8B28007DB593 /* Product+Extension.swift in Sources */ = {isa = PBXBuildFile; fileRef = 5F427BB7258F8B28007DB593 /* Product+Extension.swift */; };
		5FA2A879259E2B0E00320251 /* SettingsTableViewController.swift in Sources */ = {isa = PBXBuildFile; fileRef = 5FA2A878259E2B0E00320251 /* SettingsTableViewController.swift */; };
		5FA2A87B259E2B6800320251 /* SettingsTableViewCell.swift in Sources */ = {isa = PBXBuildFile; fileRef = 5FA2A87A259E2B6800320251 /* SettingsTableViewCell.swift */; };
		5FA2A87D259E2F0B00320251 /* SettingsCellModel.swift in Sources */ = {isa = PBXBuildFile; fileRef = 5FA2A87C259E2F0B00320251 /* SettingsCellModel.swift */; };
		5FA5F2E0258C03A40011637A /* AppDelegate.swift in Sources */ = {isa = PBXBuildFile; fileRef = 5FA5F2DF258C03A40011637A /* AppDelegate.swift */; };
		5FA5F2E2258C03A40011637A /* SceneDelegate.swift in Sources */ = {isa = PBXBuildFile; fileRef = 5FA5F2E1258C03A40011637A /* SceneDelegate.swift */; };
		5FA5F2E7258C03A40011637A /* Main.storyboard in Resources */ = {isa = PBXBuildFile; fileRef = 5FA5F2E5258C03A40011637A /* Main.storyboard */; };
		5FA5F2EA258C03A40011637A /* FelipeFranciscoGeovaniMarcello.xcdatamodeld in Sources */ = {isa = PBXBuildFile; fileRef = 5FA5F2E8258C03A40011637A /* FelipeFranciscoGeovaniMarcello.xcdatamodeld */; };
		5FA5F2EC258C03A90011637A /* Assets.xcassets in Resources */ = {isa = PBXBuildFile; fileRef = 5FA5F2EB258C03A90011637A /* Assets.xcassets */; };
		5FA5F2EF258C03A90011637A /* LaunchScreen.storyboard in Resources */ = {isa = PBXBuildFile; fileRef = 5FA5F2ED258C03A90011637A /* LaunchScreen.storyboard */; };
		5FC8CF1D259DF7E1009A90CC /* TotalViewController.swift in Sources */ = {isa = PBXBuildFile; fileRef = 5FC8CF1C259DF7E1009A90CC /* TotalViewController.swift */; };
/* End PBXBuildFile section */

/* Begin PBXContainerItemProxy section */
		5F341103258C13790049E7D3 /* PBXContainerItemProxy */ = {
			isa = PBXContainerItemProxy;
			containerPortal = 5FA5F2D4258C03A40011637A /* Project object */;
			proxyType = 1;
			remoteGlobalIDString = 5FA5F2DB258C03A40011637A;
			remoteInfo = FelipeFranciscoGeovaniMarcello;
		};
/* End PBXContainerItemProxy section */

/* Begin PBXFileReference section */
		5F1D6F7F25B4FC1F00B68A83 /* StatesManager.swift */ = {isa = PBXFileReference; lastKnownFileType = sourcecode.swift; path = StatesManager.swift; sourceTree = "<group>"; };
		5F3410F6258C05510049E7D3 /* ComprasTableViewController.swift */ = {isa = PBXFileReference; lastKnownFileType = sourcecode.swift; path = ComprasTableViewController.swift; sourceTree = "<group>"; };
		5F3410F8258C11670049E7D3 /* MockedProduct.swift */ = {isa = PBXFileReference; lastKnownFileType = sourcecode.swift; path = MockedProduct.swift; sourceTree = "<group>"; };
		5F3410FE258C13790049E7D3 /* ComprasUSATests.xctest */ = {isa = PBXFileReference; explicitFileType = wrapper.cfbundle; includeInIndex = 0; path = ComprasUSATests.xctest; sourceTree = BUILT_PRODUCTS_DIR; };
		5F341102258C13790049E7D3 /* Info.plist */ = {isa = PBXFileReference; lastKnownFileType = text.plist.xml; path = Info.plist; sourceTree = "<group>"; };
		5F341108258C13A60049E7D3 /* ComprasTableViewControllerTests.swift */ = {isa = PBXFileReference; lastKnownFileType = sourcecode.swift; path = ComprasTableViewControllerTests.swift; sourceTree = "<group>"; };
		5F34110A258C2F580049E7D3 /* ProdutoViewController.swift */ = {isa = PBXFileReference; lastKnownFileType = sourcecode.swift; path = ProdutoViewController.swift; sourceTree = "<group>"; };
		5F341111258C306A0049E7D3 /* ProdutoViewControllerTests.swift */ = {isa = PBXFileReference; lastKnownFileType = sourcecode.swift; path = ProdutoViewControllerTests.swift; sourceTree = "<group>"; };
		5F341113258D08FA0049E7D3 /* MockedStateOfUSA.swift */ = {isa = PBXFileReference; lastKnownFileType = sourcecode.swift; path = MockedStateOfUSA.swift; sourceTree = "<group>"; };
		5F427BAD258D5F45007DB593 /* UIViewController+CoreData.swift */ = {isa = PBXFileReference; lastKnownFileType = sourcecode.swift; path = "UIViewController+CoreData.swift"; sourceTree = "<group>"; };
		5F427BB0258D66C1007DB593 /* StateOfUSA.swift */ = {isa = PBXFileReference; lastKnownFileType = sourcecode.swift; path = StateOfUSA.swift; sourceTree = "<group>"; };
		5F427BB3258E4040007DB593 /* ProductTableViewCell.swift */ = {isa = PBXFileReference; lastKnownFileType = sourcecode.swift; path = ProductTableViewCell.swift; sourceTree = "<group>"; };
		5F427BB5258F83AE007DB593 /* State+Extension.swift */ = {isa = PBXFileReference; lastKnownFileType = sourcecode.swift; path = "State+Extension.swift"; sourceTree = "<group>"; };
		5F427BB7258F8B28007DB593 /* Product+Extension.swift */ = {isa = PBXFileReference; lastKnownFileType = sourcecode.swift; path = "Product+Extension.swift"; sourceTree = "<group>"; };
		5FA2A878259E2B0E00320251 /* SettingsTableViewController.swift */ = {isa = PBXFileReference; lastKnownFileType = sourcecode.swift; path = SettingsTableViewController.swift; sourceTree = "<group>"; };
		5FA2A87A259E2B6800320251 /* SettingsTableViewCell.swift */ = {isa = PBXFileReference; lastKnownFileType = sourcecode.swift; path = SettingsTableViewCell.swift; sourceTree = "<group>"; };
		5FA2A87C259E2F0B00320251 /* SettingsCellModel.swift */ = {isa = PBXFileReference; lastKnownFileType = sourcecode.swift; path = SettingsCellModel.swift; sourceTree = "<group>"; };
		5FA2A88025A9CAF000320251 /* README.md */ = {isa = PBXFileReference; lastKnownFileType = net.daringfireball.markdown; path = README.md; sourceTree = "<group>"; };
		5FA5F2DC258C03A40011637A /* ComprasUSA.app */ = {isa = PBXFileReference; explicitFileType = wrapper.application; includeInIndex = 0; path = ComprasUSA.app; sourceTree = BUILT_PRODUCTS_DIR; };
		5FA5F2DF258C03A40011637A /* AppDelegate.swift */ = {isa = PBXFileReference; lastKnownFileType = sourcecode.swift; path = AppDelegate.swift; sourceTree = "<group>"; };
		5FA5F2E1258C03A40011637A /* SceneDelegate.swift */ = {isa = PBXFileReference; lastKnownFileType = sourcecode.swift; path = SceneDelegate.swift; sourceTree = "<group>"; };
		5FA5F2E6258C03A40011637A /* Base */ = {isa = PBXFileReference; lastKnownFileType = file.storyboard; name = Base; path = Base.lproj/Main.storyboard; sourceTree = "<group>"; };
		5FA5F2E9258C03A40011637A /* FelipeFranciscoGeovaniMarcello.xcdatamodel */ = {isa = PBXFileReference; lastKnownFileType = wrapper.xcdatamodel; path = FelipeFranciscoGeovaniMarcello.xcdatamodel; sourceTree = "<group>"; };
		5FA5F2EB258C03A90011637A /* Assets.xcassets */ = {isa = PBXFileReference; lastKnownFileType = folder.assetcatalog; path = Assets.xcassets; sourceTree = "<group>"; };
		5FA5F2EE258C03A90011637A /* Base */ = {isa = PBXFileReference; lastKnownFileType = file.storyboard; name = Base; path = Base.lproj/LaunchScreen.storyboard; sourceTree = "<group>"; };
		5FA5F2F0258C03A90011637A /* Info.plist */ = {isa = PBXFileReference; lastKnownFileType = text.plist.xml; path = Info.plist; sourceTree = "<group>"; };
		5FC8CF1C259DF7E1009A90CC /* TotalViewController.swift */ = {isa = PBXFileReference; lastKnownFileType = sourcecode.swift; path = TotalViewController.swift; sourceTree = "<group>"; };
/* End PBXFileReference section */

/* Begin PBXFrameworksBuildPhase section */
		5F3410FB258C13780049E7D3 /* Frameworks */ = {
			isa = PBXFrameworksBuildPhase;
			buildActionMask = 2147483647;
			files = (
			);
			runOnlyForDeploymentPostprocessing = 0;
		};
		5FA5F2D9258C03A40011637A /* Frameworks */ = {
			isa = PBXFrameworksBuildPhase;
			buildActionMask = 2147483647;
			files = (
			);
			runOnlyForDeploymentPostprocessing = 0;
		};
/* End PBXFrameworksBuildPhase section */

/* Begin PBXGroup section */
		5F1D6F7E25B4FA7100B68A83 /* Manager */ = {
			isa = PBXGroup;
			children = (
				5F1D6F7F25B4FC1F00B68A83 /* StatesManager.swift */,
			);
			path = Manager;
			sourceTree = "<group>";
		};
		5F3410FF258C13790049E7D3 /* ComprasUSATests */ = {
			isa = PBXGroup;
			children = (
				5F341108258C13A60049E7D3 /* ComprasTableViewControllerTests.swift */,
				5F341111258C306A0049E7D3 /* ProdutoViewControllerTests.swift */,
				5F341102258C13790049E7D3 /* Info.plist */,
			);
			path = ComprasUSATests;
			sourceTree = "<group>";
		};
		5F34110C258C2FC70049E7D3 /* Scene_1 */ = {
			isa = PBXGroup;
			children = (
				5F3410F6258C05510049E7D3 /* ComprasTableViewController.swift */,
				5F427BB3258E4040007DB593 /* ProductTableViewCell.swift */,
			);
			path = Scene_1;
			sourceTree = "<group>";
		};
		5F34110D258C2FE70049E7D3 /* Scene_2 */ = {
			isa = PBXGroup;
			children = (
				5F34110A258C2F580049E7D3 /* ProdutoViewController.swift */,
			);
			path = Scene_2;
			sourceTree = "<group>";
		};
		5F34110E258C2FF00049E7D3 /* Models */ = {
			isa = PBXGroup;
			children = (
				5F3410F8258C11670049E7D3 /* MockedProduct.swift */,
				5F341113258D08FA0049E7D3 /* MockedStateOfUSA.swift */,
			);
			path = Models;
			sourceTree = "<group>";
		};
		5F34110F258C2FFE0049E7D3 /* AppDelegates */ = {
			isa = PBXGroup;
			children = (
				5FA5F2DF258C03A40011637A /* AppDelegate.swift */,
				5FA5F2E1258C03A40011637A /* SceneDelegate.swift */,
			);
			path = AppDelegates;
			sourceTree = "<group>";
		};
		5F341110258C30210049E7D3 /* Views */ = {
			isa = PBXGroup;
			children = (
				5FA5F2ED258C03A90011637A /* LaunchScreen.storyboard */,
				5FA5F2E5258C03A40011637A /* Main.storyboard */,
			);
			path = Views;
			sourceTree = "<group>";
		};
		5F427BAF258D5F50007DB593 /* Extensions */ = {
			isa = PBXGroup;
			children = (
				5F427BAD258D5F45007DB593 /* UIViewController+CoreData.swift */,
				5F427BB5258F83AE007DB593 /* State+Extension.swift */,
				5F427BB7258F8B28007DB593 /* Product+Extension.swift */,
			);
			path = Extensions;
			sourceTree = "<group>";
		};
		5F427BB2258D6754007DB593 /* Enums */ = {
			isa = PBXGroup;
			children = (
				5F427BB0258D66C1007DB593 /* StateOfUSA.swift */,
			);
			path = Enums;
			sourceTree = "<group>";
		};
		5FA5F2D3258C03A40011637A = {
			isa = PBXGroup;
			children = (
				5FA2A88025A9CAF000320251 /* README.md */,
				5FA5F2DE258C03A40011637A /* FelipeFranciscoGeovaniMarcello */,
				5F3410FF258C13790049E7D3 /* ComprasUSATests */,
				5FA5F2DD258C03A40011637A /* Products */,
			);
			sourceTree = "<group>";
		};
		5FA5F2DD258C03A40011637A /* Products */ = {
			isa = PBXGroup;
			children = (
				5FA5F2DC258C03A40011637A /* ComprasUSA.app */,
				5F3410FE258C13790049E7D3 /* ComprasUSATests.xctest */,
			);
			name = Products;
			sourceTree = "<group>";
		};
		5FA5F2DE258C03A40011637A /* FelipeFranciscoGeovaniMarcello */ = {
			isa = PBXGroup;
			children = (
				5F34110F258C2FFE0049E7D3 /* AppDelegates */,
				5F341110258C30210049E7D3 /* Views */,
				5FC8CF19259DF76F009A90CC /* Scenes */,
				5F34110E258C2FF00049E7D3 /* Models */,
				5F427BB2258D6754007DB593 /* Enums */,
				5F1D6F7E25B4FA7100B68A83 /* Manager */,
				5F427BAF258D5F50007DB593 /* Extensions */,
				5FA5F2EB258C03A90011637A /* Assets.xcassets */,
				5FA5F2F0258C03A90011637A /* Info.plist */,
				5FA5F2E8258C03A40011637A /* FelipeFranciscoGeovaniMarcello.xcdatamodeld */,
			);
			path = FelipeFranciscoGeovaniMarcello;
			sourceTree = "<group>";
		};
		5FC8CF18259DF758009A90CC /* Tab_1_PurchasedProducts */ = {
			isa = PBXGroup;
			children = (
				5F34110C258C2FC70049E7D3 /* Scene_1 */,
				5F34110D258C2FE70049E7D3 /* Scene_2 */,
			);
			path = Tab_1_PurchasedProducts;
			sourceTree = "<group>";
		};
		5FC8CF19259DF76F009A90CC /* Scenes */ = {
			isa = PBXGroup;
			children = (
				5FC8CF18259DF758009A90CC /* Tab_1_PurchasedProducts */,
				5FC8CF1E259DF7EC009A90CC /* Tab_2_Settings */,
				5FC8CF1F259DF7F5009A90CC /* Tab_3 */,
			);
			path = Scenes;
			sourceTree = "<group>";
		};
		5FC8CF1E259DF7EC009A90CC /* Tab_2_Settings */ = {
			isa = PBXGroup;
			children = (
				5FA2A878259E2B0E00320251 /* SettingsTableViewController.swift */,
				5FA2A87A259E2B6800320251 /* SettingsTableViewCell.swift */,
				5FA2A87C259E2F0B00320251 /* SettingsCellModel.swift */,
			);
			path = Tab_2_Settings;
			sourceTree = "<group>";
		};
		5FC8CF1F259DF7F5009A90CC /* Tab_3 */ = {
			isa = PBXGroup;
			children = (
				5FC8CF1C259DF7E1009A90CC /* TotalViewController.swift */,
			);
			path = Tab_3;
			sourceTree = "<group>";
		};
/* End PBXGroup section */

/* Begin PBXNativeTarget section */
		5F3410FD258C13780049E7D3 /* ComprasUSATests */ = {
			isa = PBXNativeTarget;
			buildConfigurationList = 5F341105258C13790049E7D3 /* Build configuration list for PBXNativeTarget "ComprasUSATests" */;
			buildPhases = (
				5F3410FA258C13780049E7D3 /* Sources */,
				5F3410FB258C13780049E7D3 /* Frameworks */,
				5F3410FC258C13780049E7D3 /* Resources */,
			);
			buildRules = (
			);
			dependencies = (
				5F341104258C13790049E7D3 /* PBXTargetDependency */,
			);
			name = ComprasUSATests;
			productName = ComprasUSATests;
			productReference = 5F3410FE258C13790049E7D3 /* ComprasUSATests.xctest */;
			productType = "com.apple.product-type.bundle.unit-test";
		};
		5FA5F2DB258C03A40011637A /* FelipeFranciscoGeovaniMarcello */ = {
			isa = PBXNativeTarget;
			buildConfigurationList = 5FA5F2F3258C03A90011637A /* Build configuration list for PBXNativeTarget "FelipeFranciscoGeovaniMarcello" */;
			buildPhases = (
				5FA5F2D8258C03A40011637A /* Sources */,
				5FA5F2D9258C03A40011637A /* Frameworks */,
				5FA5F2DA258C03A40011637A /* Resources */,
			);
			buildRules = (
			);
			dependencies = (
			);
			name = FelipeFranciscoGeovaniMarcello;
			productName = FelipeFranciscoGeovaniMarcello;
			productReference = 5FA5F2DC258C03A40011637A /* ComprasUSA.app */;
			productType = "com.apple.product-type.application";
		};
/* End PBXNativeTarget section */

/* Begin PBXProject section */
		5FA5F2D4258C03A40011637A /* Project object */ = {
			isa = PBXProject;
			attributes = {
				LastSwiftUpdateCheck = 1160;
				LastUpgradeCheck = 1160;
				ORGANIZATIONNAME = "Applause Codes";
				TargetAttributes = {
					5F3410FD258C13780049E7D3 = {
						CreatedOnToolsVersion = 11.6;
						TestTargetID = 5FA5F2DB258C03A40011637A;
					};
					5FA5F2DB258C03A40011637A = {
						CreatedOnToolsVersion = 11.6;
					};
				};
			};
			buildConfigurationList = 5FA5F2D7258C03A40011637A /* Build configuration list for PBXProject "FelipeFranciscoGeovaniMarcello" */;
			compatibilityVersion = "Xcode 9.3";
			developmentRegion = en;
			hasScannedForEncodings = 0;
			knownRegions = (
				en,
				Base,
			);
			mainGroup = 5FA5F2D3258C03A40011637A;
			productRefGroup = 5FA5F2DD258C03A40011637A /* Products */;
			projectDirPath = "";
			projectRoot = "";
			targets = (
				5FA5F2DB258C03A40011637A /* FelipeFranciscoGeovaniMarcello */,
				5F3410FD258C13780049E7D3 /* ComprasUSATests */,
			);
		};
/* End PBXProject section */

/* Begin PBXResourcesBuildPhase section */
		5F3410FC258C13780049E7D3 /* Resources */ = {
			isa = PBXResourcesBuildPhase;
			buildActionMask = 2147483647;
			files = (
			);
			runOnlyForDeploymentPostprocessing = 0;
		};
		5FA5F2DA258C03A40011637A /* Resources */ = {
			isa = PBXResourcesBuildPhase;
			buildActionMask = 2147483647;
			files = (
				5FA5F2EF258C03A90011637A /* LaunchScreen.storyboard in Resources */,
				5FA5F2EC258C03A90011637A /* Assets.xcassets in Resources */,
				5FA5F2E7258C03A40011637A /* Main.storyboard in Resources */,
			);
			runOnlyForDeploymentPostprocessing = 0;
		};
/* End PBXResourcesBuildPhase section */

/* Begin PBXSourcesBuildPhase section */
		5F3410FA258C13780049E7D3 /* Sources */ = {
			isa = PBXSourcesBuildPhase;
			buildActionMask = 2147483647;
			files = (
				5F341112258C306A0049E7D3 /* ProdutoViewControllerTests.swift in Sources */,
				5F341109258C13A60049E7D3 /* ComprasTableViewControllerTests.swift in Sources */,
			);
			runOnlyForDeploymentPostprocessing = 0;
		};
		5FA5F2D8258C03A40011637A /* Sources */ = {
			isa = PBXSourcesBuildPhase;
			buildActionMask = 2147483647;
			files = (
				5F427BB1258D66C1007DB593 /* StateOfUSA.swift in Sources */,
				5F34110B258C2F580049E7D3 /* ProdutoViewController.swift in Sources */,
				5F3410F9258C11670049E7D3 /* MockedProduct.swift in Sources */,
				5F1D6F8025B4FC1F00B68A83 /* StatesManager.swift in Sources */,
				5F427BB8258F8B28007DB593 /* Product+Extension.swift in Sources */,
				5FA5F2EA258C03A40011637A /* FelipeFranciscoGeovaniMarcello.xcdatamodeld in Sources */,
				5F427BB6258F83AE007DB593 /* State+Extension.swift in Sources */,
				5FA2A879259E2B0E00320251 /* SettingsTableViewController.swift in Sources */,
				5FA5F2E0258C03A40011637A /* AppDelegate.swift in Sources */,
				5FA2A87B259E2B6800320251 /* SettingsTableViewCell.swift in Sources */,
				5FC8CF1D259DF7E1009A90CC /* TotalViewController.swift in Sources */,
				5FA5F2E2258C03A40011637A /* SceneDelegate.swift in Sources */,
				5F427BAE258D5F45007DB593 /* UIViewController+CoreData.swift in Sources */,
				5F427BB4258E4040007DB593 /* ProductTableViewCell.swift in Sources */,
				5F341114258D08FA0049E7D3 /* MockedStateOfUSA.swift in Sources */,
				5FA2A87D259E2F0B00320251 /* SettingsCellModel.swift in Sources */,
				5F3410F7258C05510049E7D3 /* ComprasTableViewController.swift in Sources */,
			);
			runOnlyForDeploymentPostprocessing = 0;
		};
/* End PBXSourcesBuildPhase section */

/* Begin PBXTargetDependency section */
		5F341104258C13790049E7D3 /* PBXTargetDependency */ = {
			isa = PBXTargetDependency;
			target = 5FA5F2DB258C03A40011637A /* FelipeFranciscoGeovaniMarcello */;
			targetProxy = 5F341103258C13790049E7D3 /* PBXContainerItemProxy */;
		};
/* End PBXTargetDependency section */

/* Begin PBXVariantGroup section */
		5FA5F2E5258C03A40011637A /* Main.storyboard */ = {
			isa = PBXVariantGroup;
			children = (
				5FA5F2E6258C03A40011637A /* Base */,
			);
			name = Main.storyboard;
			sourceTree = "<group>";
		};
		5FA5F2ED258C03A90011637A /* LaunchScreen.storyboard */ = {
			isa = PBXVariantGroup;
			children = (
				5FA5F2EE258C03A90011637A /* Base */,
			);
			name = LaunchScreen.storyboard;
			sourceTree = "<group>";
		};
/* End PBXVariantGroup section */

/* Begin XCBuildConfiguration section */
		5F341106258C13790049E7D3 /* Debug */ = {
			isa = XCBuildConfiguration;
			buildSettings = {
				BUNDLE_LOADER = "$(TEST_HOST)";
				CODE_SIGN_STYLE = Automatic;
				DEVELOPMENT_TEAM = 9VZ2GX6WB6;
				INFOPLIST_FILE = ComprasUSATests/Info.plist;
				LD_RUNPATH_SEARCH_PATHS = (
					"$(inherited)",
					"@executable_path/Frameworks",
					"@loader_path/Frameworks",
				);
				PRODUCT_BUNDLE_IDENTIFIER = codes.applause.ComprasUSATests;
				PRODUCT_NAME = "$(TARGET_NAME)";
				SWIFT_VERSION = 5.0;
				TARGETED_DEVICE_FAMILY = "1,2";
				TEST_HOST = "$(BUILT_PRODUCTS_DIR)/ComprasUSA.app/ComprasUSA";
			};
			name = Debug;
		};
		5F341107258C13790049E7D3 /* Release */ = {
			isa = XCBuildConfiguration;
			buildSettings = {
				BUNDLE_LOADER = "$(TEST_HOST)";
				CODE_SIGN_STYLE = Automatic;
				DEVELOPMENT_TEAM = 9VZ2GX6WB6;
				INFOPLIST_FILE = ComprasUSATests/Info.plist;
				LD_RUNPATH_SEARCH_PATHS = (
					"$(inherited)",
					"@executable_path/Frameworks",
					"@loader_path/Frameworks",
				);
				PRODUCT_BUNDLE_IDENTIFIER = codes.applause.ComprasUSATests;
				PRODUCT_NAME = "$(TARGET_NAME)";
				SWIFT_VERSION = 5.0;
				TARGETED_DEVICE_FAMILY = "1,2";
				TEST_HOST = "$(BUILT_PRODUCTS_DIR)/ComprasUSA.app/ComprasUSA";
			};
			name = Release;
		};
		5FA5F2F1258C03A90011637A /* Debug */ = {
			isa = XCBuildConfiguration;
			buildSettings = {
				ALWAYS_SEARCH_USER_PATHS = NO;
				CLANG_ANALYZER_NONNULL = YES;
				CLANG_ANALYZER_NUMBER_OBJECT_CONVERSION = YES_AGGRESSIVE;
				CLANG_CXX_LANGUAGE_STANDARD = "gnu++14";
				CLANG_CXX_LIBRARY = "libc++";
				CLANG_ENABLE_MODULES = YES;
				CLANG_ENABLE_OBJC_ARC = YES;
				CLANG_ENABLE_OBJC_WEAK = YES;
				CLANG_WARN_BLOCK_CAPTURE_AUTORELEASING = YES;
				CLANG_WARN_BOOL_CONVERSION = YES;
				CLANG_WARN_COMMA = YES;
				CLANG_WARN_CONSTANT_CONVERSION = YES;
				CLANG_WARN_DEPRECATED_OBJC_IMPLEMENTATIONS = YES;
				CLANG_WARN_DIRECT_OBJC_ISA_USAGE = YES_ERROR;
				CLANG_WARN_DOCUMENTATION_COMMENTS = YES;
				CLANG_WARN_EMPTY_BODY = YES;
				CLANG_WARN_ENUM_CONVERSION = YES;
				CLANG_WARN_INFINITE_RECURSION = YES;
				CLANG_WARN_INT_CONVERSION = YES;
				CLANG_WARN_NON_LITERAL_NULL_CONVERSION = YES;
				CLANG_WARN_OBJC_IMPLICIT_RETAIN_SELF = YES;
				CLANG_WARN_OBJC_LITERAL_CONVERSION = YES;
				CLANG_WARN_OBJC_ROOT_CLASS = YES_ERROR;
				CLANG_WARN_RANGE_LOOP_ANALYSIS = YES;
				CLANG_WARN_STRICT_PROTOTYPES = YES;
				CLANG_WARN_SUSPICIOUS_MOVE = YES;
				CLANG_WARN_UNGUARDED_AVAILABILITY = YES_AGGRESSIVE;
				CLANG_WARN_UNREACHABLE_CODE = YES;
				CLANG_WARN__DUPLICATE_METHOD_MATCH = YES;
				COPY_PHASE_STRIP = NO;
				DEBUG_INFORMATION_FORMAT = dwarf;
				ENABLE_STRICT_OBJC_MSGSEND = YES;
				ENABLE_TESTABILITY = YES;
				GCC_C_LANGUAGE_STANDARD = gnu11;
				GCC_DYNAMIC_NO_PIC = NO;
				GCC_NO_COMMON_BLOCKS = YES;
				GCC_OPTIMIZATION_LEVEL = 0;
				GCC_PREPROCESSOR_DEFINITIONS = (
					"DEBUG=1",
					"$(inherited)",
				);
				GCC_WARN_64_TO_32_BIT_CONVERSION = YES;
				GCC_WARN_ABOUT_RETURN_TYPE = YES_ERROR;
				GCC_WARN_UNDECLARED_SELECTOR = YES;
				GCC_WARN_UNINITIALIZED_AUTOS = YES_AGGRESSIVE;
				GCC_WARN_UNUSED_FUNCTION = YES;
				GCC_WARN_UNUSED_VARIABLE = YES;
				IPHONEOS_DEPLOYMENT_TARGET = 13.6;
				MTL_ENABLE_DEBUG_INFO = INCLUDE_SOURCE;
				MTL_FAST_MATH = YES;
				ONLY_ACTIVE_ARCH = YES;
				SDKROOT = iphoneos;
				SWIFT_ACTIVE_COMPILATION_CONDITIONS = DEBUG;
				SWIFT_OPTIMIZATION_LEVEL = "-Onone";
			};
			name = Debug;
		};
		5FA5F2F2258C03A90011637A /* Release */ = {
			isa = XCBuildConfiguration;
			buildSettings = {
				ALWAYS_SEARCH_USER_PATHS = NO;
				CLANG_ANALYZER_NONNULL = YES;
				CLANG_ANALYZER_NUMBER_OBJECT_CONVERSION = YES_AGGRESSIVE;
				CLANG_CXX_LANGUAGE_STANDARD = "gnu++14";
				CLANG_CXX_LIBRARY = "libc++";
				CLANG_ENABLE_MODULES = YES;
				CLANG_ENABLE_OBJC_ARC = YES;
				CLANG_ENABLE_OBJC_WEAK = YES;
				CLANG_WARN_BLOCK_CAPTURE_AUTORELEASING = YES;
				CLANG_WARN_BOOL_CONVERSION = YES;
				CLANG_WARN_COMMA = YES;
				CLANG_WARN_CONSTANT_CONVERSION = YES;
				CLANG_WARN_DEPRECATED_OBJC_IMPLEMENTATIONS = YES;
				CLANG_WARN_DIRECT_OBJC_ISA_USAGE = YES_ERROR;
				CLANG_WARN_DOCUMENTATION_COMMENTS = YES;
				CLANG_WARN_EMPTY_BODY = YES;
				CLANG_WARN_ENUM_CONVERSION = YES;
				CLANG_WARN_INFINITE_RECURSION = YES;
				CLANG_WARN_INT_CONVERSION = YES;
				CLANG_WARN_NON_LITERAL_NULL_CONVERSION = YES;
				CLANG_WARN_OBJC_IMPLICIT_RETAIN_SELF = YES;
				CLANG_WARN_OBJC_LITERAL_CONVERSION = YES;
				CLANG_WARN_OBJC_ROOT_CLASS = YES_ERROR;
				CLANG_WARN_RANGE_LOOP_ANALYSIS = YES;
				CLANG_WARN_STRICT_PROTOTYPES = YES;
				CLANG_WARN_SUSPICIOUS_MOVE = YES;
				CLANG_WARN_UNGUARDED_AVAILABILITY = YES_AGGRESSIVE;
				CLANG_WARN_UNREACHABLE_CODE = YES;
				CLANG_WARN__DUPLICATE_METHOD_MATCH = YES;
				COPY_PHASE_STRIP = NO;
				DEBUG_INFORMATION_FORMAT = "dwarf-with-dsym";
				ENABLE_NS_ASSERTIONS = NO;
				ENABLE_STRICT_OBJC_MSGSEND = YES;
				GCC_C_LANGUAGE_STANDARD = gnu11;
				GCC_NO_COMMON_BLOCKS = YES;
				GCC_WARN_64_TO_32_BIT_CONVERSION = YES;
				GCC_WARN_ABOUT_RETURN_TYPE = YES_ERROR;
				GCC_WARN_UNDECLARED_SELECTOR = YES;
				GCC_WARN_UNINITIALIZED_AUTOS = YES_AGGRESSIVE;
				GCC_WARN_UNUSED_FUNCTION = YES;
				GCC_WARN_UNUSED_VARIABLE = YES;
				IPHONEOS_DEPLOYMENT_TARGET = 13.6;
				MTL_ENABLE_DEBUG_INFO = NO;
				MTL_FAST_MATH = YES;
				SDKROOT = iphoneos;
				SWIFT_COMPILATION_MODE = wholemodule;
				SWIFT_OPTIMIZATION_LEVEL = "-O";
				VALIDATE_PRODUCT = YES;
			};
			name = Release;
		};
		5FA5F2F4258C03A90011637A /* Debug */ = {
			isa = XCBuildConfiguration;
			buildSettings = {
				ASSETCATALOG_COMPILER_APPICON_NAME = AppIcon;
				CODE_SIGN_STYLE = Automatic;
				DEVELOPMENT_TEAM = 9VZ2GX6WB6;
				INFOPLIST_FILE = FelipeFranciscoGeovaniMarcello/Info.plist;
				LD_RUNPATH_SEARCH_PATHS = (
					"$(inherited)",
					"@executable_path/Frameworks",
				);
				PRODUCT_BUNDLE_IDENTIFIER = codes.applause.FelipeFranciscoGeovaniMarcello;
				PRODUCT_NAME = ComprasUSA;
				SWIFT_VERSION = 5.0;
				TARGETED_DEVICE_FAMILY = 1;
			};
			name = Debug;
		};
		5FA5F2F5258C03A90011637A /* Release */ = {
			isa = XCBuildConfiguration;
			buildSettings = {
				ASSETCATALOG_COMPILER_APPICON_NAME = AppIcon;
				CODE_SIGN_STYLE = Automatic;
				DEVELOPMENT_TEAM = 9VZ2GX6WB6;
				INFOPLIST_FILE = FelipeFranciscoGeovaniMarcello/Info.plist;
				LD_RUNPATH_SEARCH_PATHS = (
					"$(inherited)",
					"@executable_path/Frameworks",
				);
				PRODUCT_BUNDLE_IDENTIFIER = codes.applause.FelipeFranciscoGeovaniMarcello;
				PRODUCT_NAME = ComprasUSA;
				SWIFT_VERSION = 5.0;
				TARGETED_DEVICE_FAMILY = 1;
			};
			name = Release;
		};
/* End XCBuildConfiguration section */

/* Begin XCConfigurationList section */
		5F341105258C13790049E7D3 /* Build configuration list for PBXNativeTarget "ComprasUSATests" */ = {
			isa = XCConfigurationList;
			buildConfigurations = (
				5F341106258C13790049E7D3 /* Debug */,
				5F341107258C13790049E7D3 /* Release */,
			);
			defaultConfigurationIsVisible = 0;
			defaultConfigurationName = Release;
		};
		5FA5F2D7258C03A40011637A /* Build configuration list for PBXProject "FelipeFranciscoGeovaniMarcello" */ = {
			isa = XCConfigurationList;
			buildConfigurations = (
				5FA5F2F1258C03A90011637A /* Debug */,
				5FA5F2F2258C03A90011637A /* Release */,
			);
			defaultConfigurationIsVisible = 0;
			defaultConfigurationName = Release;
		};
		5FA5F2F3258C03A90011637A /* Build configuration list for PBXNativeTarget "FelipeFranciscoGeovaniMarcello" */ = {
			isa = XCConfigurationList;
			buildConfigurations = (
				5FA5F2F4258C03A90011637A /* Debug */,
				5FA5F2F5258C03A90011637A /* Release */,
			);
			defaultConfigurationIsVisible = 0;
			defaultConfigurationName = Release;
		};
/* End XCConfigurationList section */

/* Begin XCVersionGroup section */
		5FA5F2E8258C03A40011637A /* FelipeFranciscoGeovaniMarcello.xcdatamodeld */ = {
			isa = XCVersionGroup;
			children = (
				5FA5F2E9258C03A40011637A /* FelipeFranciscoGeovaniMarcello.xcdatamodel */,
			);
			currentVersion = 5FA5F2E9258C03A40011637A /* FelipeFranciscoGeovaniMarcello.xcdatamodel */;
			path = FelipeFranciscoGeovaniMarcello.xcdatamodeld;
			sourceTree = "<group>";
			versionGroupType = wrapper.xcdatamodel;
		};
/* End XCVersionGroup section */
	};
	rootObject = 5FA5F2D4258C03A40011637A /* Project object */;
}
